
Microsoft Visual Studio Solution File, Format Version 12.00
# Visual Studio Version 16
VisualStudioVersion = 16.0.31424.327
MinimumVisualStudioVersion = 10.0.40219.1
Project("{FAE04EC0-301F-11D3-BF4B-00C04F79EFBC}") = "Bars", "Bars\Bars.csproj", "{DD0AF826-EF40-49F4-B922-EC7A69AC3D42}"
EndProject
Project("{2150E333-8FDC-42A3-9474-1A3956D46DE8}") = "Solution Items", "Solution Items", "{7F3A1D94-9E05-442C-A705-AFB07E253571}"
	ProjectSection(SolutionItems) = preProject
		.editorconfig = .editorconfig
	EndProjectSection
EndProject
Global
	GlobalSection(SolutionConfigurationPlatforms) = preSolution
		Debug|Any CPU = Debug|Any CPU
		Release|Any CPU = Release|Any CPU
	EndGlobalSection
	GlobalSection(ProjectConfigurationPlatforms) = postSolution
		{DD0AF826-EF40-49F4-B922-EC7A69AC3D42}.Debug|Any CPU.ActiveCfg = Debug|Any CPU
		{DD0AF826-EF40-49F4-B922-EC7A69AC3D42}.Debug|Any CPU.Build.0 = Debug|Any CPU
		{DD0AF826-EF40-49F4-B922-EC7A69AC3D42}.Release|Any CPU.ActiveCfg = Release|Any CPU
		{DD0AF826-EF40-49F4-B922-EC7A69AC3D42}.Release|Any CPU.Build.0 = Release|Any CPU
	EndGlobalSection
	GlobalSection(SolutionProperties) = preSolution
		HideSolutionNode = FALSE
	EndGlobalSection
	GlobalSection(ExtensibilityGlobals) = postSolution
		SolutionGuid = {471CC51F-3FD8-4EB2-833B-51D88F2B9E35}
	EndGlobalSection
EndGlobal
